{
    "name": "@opperai/login",
    "version": "0.4.0",
    "lockfileVersion": 3,
    "requires": true,
    "packages": {
        "": {
            "name": "@opperai/login",
            "version": "0.4.0",
            "license": "MIT",
            "devDependencies": {
                "@types/react": "^19.0.0",
                "tshy": "^3.0.0",
                "typescript": "^5.8.0"
            },
            "peerDependencies": {
                "react": ">=18"
            },
            "peerDependenciesMeta": {
                "react": {
                    "optional": true
                }
            }
        },
        "node_modules/@types/react": {
            "version": "19.2.14",
            "resolved": "https://registry.npmjs.org/@types/react/-/react-19.2.14.tgz",
            "integrity": "sha512-ilcTH/UniCkMdtexkoCN0bI7pMcJDvmQFPvuPvmEaYA/NSfFTAgdUSLAoVjaRJm7+6PvcM+q1zYOwS4wTYMF9w==",
            "dev": true,
            "license": "MIT",
            "dependencies": {
                "csstype": "^3.2.2"
            }
        },
        "node_modules/@typescript/native-preview": {
            "version": "7.0.0-dev.20260420.1",
            "resolved": "https://registry.npmjs.org/@typescript/native-preview/-/native-preview-7.0.0-dev.20260420.1.tgz",
            "integrity": "sha512-XYMYZ1OAvO1OWJMntCGW5yoJvJjdrsgmNJxXEPO3Za2kFmQ69TdHOAzg9adurMgAXNpaDWtf28bfEveMRnvpZA==",
            "dev": true,
            "license": "Apache-2.0",
            "bin": {
                "tsgo": "bin/tsgo.js"
            },
            "optionalDependencies": {
                "@typescript/native-preview-darwin-arm64": "7.0.0-dev.20260420.1",
                "@typescript/native-preview-darwin-x64": "7.0.0-dev.20260420.1",
                "@typescript/native-preview-linux-arm": "7.0.0-dev.20260420.1",
                "@typescript/native-preview-linux-arm64": "7.0.0-dev.20260420.1",
                "@typescript/native-preview-linux-x64": "7.0.0-dev.20260420.1",
                "@typescript/native-preview-win32-arm64": "7.0.0-dev.20260420.1",
                "@typescript/native-preview-win32-x64": "7.0.0-dev.20260420.1"
            }
        },
        "node_modules/@typescript/native-preview-darwin-arm64": {
            "version": "7.0.0-dev.20260420.1",
            "resolved": "https://registry.npmjs.org/@typescript/native-preview-darwin-arm64/-/native-preview-darwin-arm64-7.0.0-dev.20260420.1.tgz",
            "integrity": "sha512-WMVphWuSmPuDzdutP2OM7ZhvlgdrBQ6ufQia+cJz6jqLd2MjPaYlS+/ACEcTgf6+PsTXygUOUvcqv9j5s7QC8w==",
            "cpu": [
                "arm64"
            ],
            "dev": true,
            "license": "Apache-2.0",
            "optional": true,
            "os": [
                "darwin"
            ]
        },
        "node_modules/@typescript/native-preview-darwin-x64": {
            "version": "7.0.0-dev.20260420.1",
            "resolved": "https://registry.npmjs.org/@typescript/native-preview-darwin-x64/-/native-preview-darwin-x64-7.0.0-dev.20260420.1.tgz",
            "integrity": "sha512-ChRf5ZpdM5CmplmtfCHGFd/UjYDkld9Z27h5HeC41NGxkbe7NeNQYjwPcbZynca2swISZvFr8Wwlo4nNZG/51A==",
            "cpu": [
                "x64"
            ],
            "dev": true,
            "license": "Apache-2.0",
            "optional": true,
            "os": [
                "darwin"
            ]
        },
        "node_modules/@typescript/native-preview-linux-arm": {
            "version": "7.0.0-dev.20260420.1",
            "resolved": "https://registry.npmjs.org/@typescript/native-preview-linux-arm/-/native-preview-linux-arm-7.0.0-dev.20260420.1.tgz",
            "integrity": "sha512-8+Ey5WZ1jiJXFuN8oQxu3N6pTi6UvigNXTWmB/e+2q6cu6ytFNgiVic6xXtcxOqBpqYMKwXzTZkECjs3NtT6og==",
            "cpu": [
                "arm"
            ],
            "dev": true,
            "license": "Apache-2.0",
            "optional": true,
            "os": [
                "linux"
            ]
        },
        "node_modules/@typescript/native-preview-linux-arm64": {
            "version": "7.0.0-dev.20260420.1",
            "resolved": "https://registry.npmjs.org/@typescript/native-preview-linux-arm64/-/native-preview-linux-arm64-7.0.0-dev.20260420.1.tgz",
            "integrity": "sha512-AmRuZ5R1TTrBNMInIACxd3AGvXS8X0PCAheftIMSa/1YOsNbfvPCbzZTleSaIx0ETabPeKQArur0uTPwnKjJbg==",
            "cpu": [
                "arm64"
            ],
            "dev": true,
            "license": "Apache-2.0",
            "optional": true,
            "os": [
                "linux"
            ]
        },
        "node_modules/@typescript/native-preview-linux-x64": {
            "version": "7.0.0-dev.20260420.1",
            "resolved": "https://registry.npmjs.org/@typescript/native-preview-linux-x64/-/native-preview-linux-x64-7.0.0-dev.20260420.1.tgz",
            "integrity": "sha512-zk6y0AX1+SjuYXZfIRTkpRttp+gfpnz6ELFDWLuhtTJtnxgm8BRSKPup2rcm4xkfpRrVv9dhPGSjJYGNR9z9tg==",
            "cpu": [
                "x64"
            ],
            "dev": true,
            "license": "Apache-2.0",
            "optional": true,
            "os": [
                "linux"
            ]
        },
        "node_modules/@typescript/native-preview-win32-arm64": {
            "version": "7.0.0-dev.20260420.1",
            "resolved": "https://registry.npmjs.org/@typescript/native-preview-win32-arm64/-/native-preview-win32-arm64-7.0.0-dev.20260420.1.tgz",
            "integrity": "sha512-TopcWdHwUGaocYuoj0qEZmZa1SLFm9hY0jKrzi5Xa9Xt/gvUnSLJYRBVblibM+/s8S9ZaV94Gc+CUn9EeSsJ9A==",
            "cpu": [
                "arm64"
            ],
            "dev": true,
            "license": "Apache-2.0",
            "optional": true,
            "os": [
                "win32"
            ]
        },
        "node_modules/@typescript/native-preview-win32-x64": {
            "version": "7.0.0-dev.20260420.1",
            "resolved": "https://registry.npmjs.org/@typescript/native-preview-win32-x64/-/native-preview-win32-x64-7.0.0-dev.20260420.1.tgz",
            "integrity": "sha512-9P6DDMOCncgXGbFfxRpZE0sWzjyymRON67T9J1u885NLp+AmIdns8e91nzD6ipB0EdZimyR4ZjdSZfqetAQSrQ==",
            "cpu": [
                "x64"
            ],
            "dev": true,
            "license": "Apache-2.0",
            "optional": true,
            "os": [
                "win32"
            ]
        },
        "node_modules/balanced-match": {
            "version": "4.0.4",
            "resolved": "https://registry.npmjs.org/balanced-match/-/balanced-match-4.0.4.tgz",
            "integrity": "sha512-BLrgEcRTwX2o6gGxGOCNyMvGSp35YofuYzw9h1IMTRmKqttAZZVU67bdb9Pr2vUHA8+j3i2tJfjO6C6+4myGTA==",
            "dev": true,
            "license": "MIT",
            "engines": {
                "node": "18 || 20 || >=22"
            }
        },
        "node_modules/brace-expansion": {
            "version": "5.0.5",
            "resolved": "https://registry.npmjs.org/brace-expansion/-/brace-expansion-5.0.5.tgz",
            "integrity": "sha512-VZznLgtwhn+Mact9tfiwx64fA9erHH/MCXEUfB/0bX/6Fz6ny5EGTXYltMocqg4xFAQZtnO3DHWWXi8RiuN7cQ==",
            "dev": true,
            "license": "MIT",
            "dependencies": {
                "balanced-match": "^4.0.2"
            },
            "engines": {
                "node": "18 || 20 || >=22"
            }
        },
        "node_modules/chalk": {
            "version": "5.6.2",
            "resolved": "https://registry.npmjs.org/chalk/-/chalk-5.6.2.tgz",
            "integrity": "sha512-7NzBL0rN6fMUW+f7A6Io4h40qQlG+xGmtMxfbnH/K7TAtt8JQWVQK+6g0UXKMeVJoyV5EkkNsErQ8pVD3bLHbA==",
            "dev": true,
            "license": "MIT",
            "engines": {
                "node": "^12.17.0 || ^14.13 || >=16.0.0"
            },
            "funding": {
                "url": "https://github.com/chalk/chalk?sponsor=1"
            }
        },
        "node_modules/chokidar": {
            "version": "4.0.3",
            "resolved": "https://registry.npmjs.org/chokidar/-/chokidar-4.0.3.tgz",
            "integrity": "sha512-Qgzu8kfBvo+cA4962jnP1KkS6Dop5NS6g7R5LFYJr4b8Ub94PPQXUksCw9PvXoeXPRRddRNC5C1JQUR2SMGtnA==",
            "dev": true,
            "license": "MIT",
            "dependencies": {
                "readdirp": "^4.0.1"
            },
            "engines": {
                "node": ">= 14.16.0"
            },
            "funding": {
                "url": "https://paulmillr.com/funding/"
            }
        },
        "node_modules/csstype": {
            "version": "3.2.3",
            "resolved": "https://registry.npmjs.org/csstype/-/csstype-3.2.3.tgz",
            "integrity": "sha512-z1HGKcYy2xA8AGQfwrn0PAy+PB7X/GSj3UVJW9qKyn43xWa+gl5nXmU4qqLMRzWVLFC8KusUX8T/0kCiOYpAIQ==",
            "dev": true,
            "license": "MIT"
        },
        "node_modules/foreground-child": {
            "version": "4.0.3",
            "resolved": "https://registry.npmjs.org/foreground-child/-/foreground-child-4.0.3.tgz",
            "integrity": "sha512-yeXZaNbCBGaT9giTpLPBdtedzjwhlJBUoL/R4BVQU5mn0TQXOHwVIl1Q2DMuBIdNno4ktA1abZ7dQFVxD6uHxw==",
            "dev": true,
            "license": "BlueOak-1.0.0",
            "dependencies": {
                "signal-exit": "^4.0.1"
            },
            "engines": {
                "node": ">=16"
            },
            "funding": {
                "url": "https://github.com/sponsors/isaacs"
            }
        },
        "node_modules/glob": {
            "version": "13.0.6",
            "resolved": "https://registry.npmjs.org/glob/-/glob-13.0.6.tgz",
            "integrity": "sha512-Wjlyrolmm8uDpm/ogGyXZXb1Z+Ca2B8NbJwqBVg0axK9GbBeoS7yGV6vjXnYdGm6X53iehEuxxbyiKp8QmN4Vw==",
            "dev": true,
            "license": "BlueOak-1.0.0",
            "dependencies": {
                "minimatch": "^10.2.2",
                "minipass": "^7.1.3",
                "path-scurry": "^2.0.2"
            },
            "engines": {
                "node": "18 || 20 || >=22"
            },
            "funding": {
                "url": "https://github.com/sponsors/isaacs"
            }
        },
        "node_modules/jsonc-simple-parser": {
            "version": "3.0.0",
            "resolved": "https://registry.npmjs.org/jsonc-simple-parser/-/jsonc-simple-parser-3.0.0.tgz",
            "integrity": "sha512-0qi9Kuj4JPar4/3b9wZteuPZrTeFzXsQyOZj7hksnReCZN3Vr17Doz7w/i3E9XH7vRkVTHhHES+r1h97I+hfww==",
            "dev": true,
            "dependencies": {
                "reghex": "^3.0.2"
            }
        },
        "node_modules/lru-cache": {
            "version": "11.3.5",
            "resolved": "https://registry.npmjs.org/lru-cache/-/lru-cache-11.3.5.tgz",
            "integrity": "sha512-NxVFwLAnrd9i7KUBxC4DrUhmgjzOs+1Qm50D3oF1/oL+r1NpZ4gA7xvG0/zJ8evR7zIKn4vLf7qTNduWFtCrRw==",
            "dev": true,
            "license": "BlueOak-1.0.0",
            "engines": {
                "node": "20 || >=22"
            }
        },
        "node_modules/minimatch": {
            "version": "10.2.5",
            "resolved": "https://registry.npmjs.org/minimatch/-/minimatch-10.2.5.tgz",
            "integrity": "sha512-MULkVLfKGYDFYejP07QOurDLLQpcjk7Fw+7jXS2R2czRQzR56yHRveU5NDJEOviH+hETZKSkIk5c+T23GjFUMg==",
            "dev": true,
            "license": "BlueOak-1.0.0",
            "dependencies": {
                "brace-expansion": "^5.0.5"
            },
            "engines": {
                "node": "18 || 20 || >=22"
            },
            "funding": {
                "url": "https://github.com/sponsors/isaacs"
            }
        },
        "node_modules/minipass": {
            "version": "7.1.3",
            "resolved": "https://registry.npmjs.org/minipass/-/minipass-7.1.3.tgz",
            "integrity": "sha512-tEBHqDnIoM/1rXME1zgka9g6Q2lcoCkxHLuc7ODJ5BxbP5d4c2Z5cGgtXAku59200Cx7diuHTOYfSBD8n6mm8A==",
            "dev": true,
            "license": "BlueOak-1.0.0",
            "engines": {
                "node": ">=16 || 14 >=14.17"
            }
        },
        "node_modules/mkdirp": {
            "version": "3.0.1",
            "resolved": "https://registry.npmjs.org/mkdirp/-/mkdirp-3.0.1.tgz",
            "integrity": "sha512-+NsyUUAZDmo6YVHzL/stxSu3t9YS1iljliy3BSDrXJ/dkn1KYdmtZODGGjLcc9XLgVVpH4KshHB8XmZgMhaBXg==",
            "dev": true,
            "license": "MIT",
            "bin": {
                "mkdirp": "dist/cjs/src/bin.js"
            },
            "engines": {
                "node": ">=10"
            },
            "funding": {
                "url": "https://github.com/sponsors/isaacs"
            }
        },
        "node_modules/package-json-from-dist": {
            "version": "1.0.1",
            "resolved": "https://registry.npmjs.org/package-json-from-dist/-/package-json-from-dist-1.0.1.tgz",
            "integrity": "sha512-UEZIS3/by4OC8vL3P2dTXRETpebLI2NiI5vIrjaD/5UtrkFX/tNbwjTSRAGC/+7CAo2pIcBaRgWmcBBHcsaCIw==",
            "dev": true,
            "license": "BlueOak-1.0.0"
        },
        "node_modules/path-scurry": {
            "version": "2.0.2",
            "resolved": "https://registry.npmjs.org/path-scurry/-/path-scurry-2.0.2.tgz",
            "integrity": "sha512-3O/iVVsJAPsOnpwWIeD+d6z/7PmqApyQePUtCndjatj/9I5LylHvt5qluFaBT3I5h3r1ejfR056c+FCv+NnNXg==",
            "dev": true,
            "license": "BlueOak-1.0.0",
            "dependencies": {
                "lru-cache": "^11.0.0",
                "minipass": "^7.1.2"
            },
            "engines": {
                "node": "18 || 20 || >=22"
            },
            "funding": {
                "url": "https://github.com/sponsors/isaacs"
            }
        },
        "node_modules/polite-json": {
            "version": "5.0.0",
            "resolved": "https://registry.npmjs.org/polite-json/-/polite-json-5.0.0.tgz",
            "integrity": "sha512-OLS/0XeUAcE8a2fdwemNja+udKgXNnY6yKVIXqAD2zVRx1KvY6Ato/rZ2vdzbxqYwPW0u6SCNC/bAMPNzpzxbw==",
            "dev": true,
            "license": "MIT",
            "engines": {
                "node": "^14.17.0 || ^16.13.0 || >=18.0.0"
            },
            "funding": {
                "url": "https://github.com/sponsors/isaacs"
            }
        },
        "node_modules/readdirp": {
            "version": "4.1.2",
            "resolved": "https://registry.npmjs.org/readdirp/-/readdirp-4.1.2.tgz",
            "integrity": "sha512-GDhwkLfywWL2s6vEjyhri+eXmfH6j1L7JE27WhqLeYzoh/A3DBaYGEj2H/HFZCn/kMfim73FXxEJTw06WtxQwg==",
            "dev": true,
            "license": "MIT",
            "engines": {
                "node": ">= 14.18.0"
            },
            "funding": {
                "type": "individual",
                "url": "https://paulmillr.com/funding/"
            }
        },
        "node_modules/reghex": {
            "version": "3.0.2",
            "resolved": "https://registry.npmjs.org/reghex/-/reghex-3.0.2.tgz",
            "integrity": "sha512-Zb9DJ5u6GhgqRSBnxV2QSnLqEwcKxHWFA1N2yUa4ZUAO1P8jlWKYtWZ6/ooV6yylspGXJX0O/uNzEv0xrCtwaA==",
            "dev": true,
            "license": "MIT"
        },
        "node_modules/resolve-import": {
            "version": "2.4.0",
            "resolved": "https://registry.npmjs.org/resolve-import/-/resolve-import-2.4.0.tgz",
            "integrity": "sha512-gLWKdA5tiv5j/D7ipR47u3ovbVfzFPrctTdw2Ulnpmr6PPVVSvPKGNWu09jXVNlOSLLAeD6CA13bjIelpWttSw==",
            "dev": true,
            "license": "BlueOak-1.0.0",
            "dependencies": {
                "glob": "^13.0.0",
                "walk-up-path": "^4.0.0"
            },
            "engines": {
                "node": "20 || >=22"
            },
            "funding": {
                "url": "https://github.com/sponsors/isaacs"
            }
        },
        "node_modules/rimraf": {
            "version": "6.1.3",
            "resolved": "https://registry.npmjs.org/rimraf/-/rimraf-6.1.3.tgz",
            "integrity": "sha512-LKg+Cr2ZF61fkcaK1UdkH2yEBBKnYjTyWzTJT6KNPcSPaiT7HSdhtMXQuN5wkTX0Xu72KQ1l8S42rlmexS2hSA==",
            "dev": true,
            "license": "BlueOak-1.0.0",
            "dependencies": {
                "glob": "^13.0.3",
                "package-json-from-dist": "^1.0.1"
            },
            "bin": {
                "rimraf": "dist/esm/bin.mjs"
            },
            "engines": {
                "node": "20 || >=22"
            },
            "funding": {
                "url": "https://github.com/sponsors/isaacs"
            }
        },
        "node_modules/signal-exit": {
            "version": "4.1.0",
            "resolved": "https://registry.npmjs.org/signal-exit/-/signal-exit-4.1.0.tgz",
            "integrity": "sha512-bzyZ1e88w9O1iNJbKnOlvYTrWPDl46O1bG0D3XInv+9tkPrxrN8jUUTiFlDkkmKWgn1M6CfIA13SuGqOa9Korw==",
            "dev": true,
            "license": "ISC",
            "engines": {
                "node": ">=14"
            },
            "funding": {
                "url": "https://github.com/sponsors/isaacs"
            }
        },
        "node_modules/sync-content": {
            "version": "2.0.4",
            "resolved": "https://registry.npmjs.org/sync-content/-/sync-content-2.0.4.tgz",
            "integrity": "sha512-w3ioiBmbaogob33WdLnuwFk+8tpePI58CTWKqtdAgEqc2hfGuSwP02gPETqNX/3PLS5skv5a1wQR0gbaa2W0XQ==",
            "dev": true,
            "license": "BlueOak-1.0.0",
            "dependencies": {
                "glob": "^13.0.1",
                "mkdirp": "^3.0.1",
                "path-scurry": "^2.0.0",
                "rimraf": "^6.0.0"
            },
            "bin": {
                "sync-content": "dist/esm/bin.mjs"
            },
            "engines": {
                "node": "20 || >=22"
            },
            "funding": {
                "url": "https://github.com/sponsors/isaacs"
            }
        },
        "node_modules/tshy": {
            "version": "3.3.2",
            "resolved": "https://registry.npmjs.org/tshy/-/tshy-3.3.2.tgz",
            "integrity": "sha512-vOIXkqMtBWNjKUR/c99+6N50LhWdnKG1xE3+5wf8IPdzxx2lcIFPvbGgFdBBgoTMbdNb8mz06MUm7hY+TFnJcw==",
            "dev": true,
            "license": "BlueOak-1.0.0",
            "dependencies": {
                "@typescript/native-preview": "^7.0.0-dev.20260218.1",
                "chalk": "^5.6.2",
                "chokidar": "^4.0.3",
                "foreground-child": "^4.0.0",
                "jsonc-simple-parser": "^3.0.0",
                "minimatch": "^10.0.3",
                "mkdirp": "^3.0.1",
                "polite-json": "^5.0.0",
                "resolve-import": "^2.4.0",
                "rimraf": "^6.1.2",
                "sync-content": "^2.0.3",
                "typescript": "^5.9.3",
                "walk-up-path": "^4.0.0"
            },
            "bin": {
                "tshy": "dist/esm/bin-min.mjs"
            },
            "engines": {
                "node": "20 || >=22"
            }
        },
        "node_modules/typescript": {
            "version": "5.9.3",
            "resolved": "https://registry.npmjs.org/typescript/-/typescript-5.9.3.tgz",
            "integrity": "sha512-jl1vZzPDinLr9eUt3J/t7V6FgNEw9QjvBPdysz9KfQDD41fQrC2Y4vKQdiaUpFT4bXlb1RHhLpp8wtm6M5TgSw==",
            "dev": true,
            "license": "Apache-2.0",
            "bin": {
                "tsc": "bin/tsc",
                "tsserver": "bin/tsserver"
            },
            "engines": {
                "node": ">=14.17"
            }
        },
        "node_modules/walk-up-path": {
            "version": "4.0.0",
            "resolved": "https://registry.npmjs.org/walk-up-path/-/walk-up-path-4.0.0.tgz",
            "integrity": "sha512-3hu+tD8YzSLGuFYtPRb48vdhKMi0KQV5sn+uWr8+7dMEq/2G/dtLrdDinkLjqq5TIbIBjYJ4Ax/n3YiaW7QM8A==",
            "dev": true,
            "license": "ISC",
            "engines": {
                "node": "20 || >=22"
            }
        }
    }
}
